// !$*UTF8*$!
{
	archiveVersion = 1;
	classes = {
	};
	objectVersion = 56;
	objects = {

/* Begin PBXBuildFile section */
		842849842C98C4EC00885B16 /* EntrViewController.swift in Sources */ = {isa = PBXBuildFile; fileRef = 842849832C98C4EC00885B16 /* EntrViewController.swift */; };
		842849862C98C4F700885B16 /* EntrViewController.storyboard in Resources */ = {isa = PBXBuildFile; fileRef = 842849852C98C4F700885B16 /* EntrViewController.storyboard */; };
		8428498A2C98C5F800885B16 /* RegViewController.storyboard in Resources */ = {isa = PBXBuildFile; fileRef = 842849892C98C5F800885B16 /* RegViewController.storyboard */; };
		8428498C2C98C60100885B16 /* RegViewController.swift in Sources */ = {isa = PBXBuildFile; fileRef = 8428498B2C98C60100885B16 /* RegViewController.swift */; };
		847D52E72C88D9F200FD7C78 /* AppDelegate.swift in Sources */ = {isa = PBXBuildFile; fileRef = 847D52E62C88D9F200FD7C78 /* AppDelegate.swift */; };
		847D52E92C88D9F200FD7C78 /* SceneDelegate.swift in Sources */ = {isa = PBXBuildFile; fileRef = 847D52E82C88D9F200FD7C78 /* SceneDelegate.swift */; };
		847D52EB2C88D9F200FD7C78 /* ViewController.swift in Sources */ = {isa = PBXBuildFile; fileRef = 847D52EA2C88D9F200FD7C78 /* ViewController.swift */; };
		847D52EE2C88D9F200FD7C78 /* Main.storyboard in Resources */ = {isa = PBXBuildFile; fileRef = 847D52EC2C88D9F200FD7C78 /* Main.storyboard */; };
		847D52F02C88D9F500FD7C78 /* Assets.xcassets in Resources */ = {isa = PBXBuildFile; fileRef = 847D52EF2C88D9F500FD7C78 /* Assets.xcassets */; };
		847D52F32C88D9F500FD7C78 /* LaunchScreen.storyboard in Resources */ = {isa = PBXBuildFile; fileRef = 847D52F12C88D9F500FD7C78 /* LaunchScreen.storyboard */; };
		847D52FC2C8B83F000FD7C78 /* NewViewController.storyboard in Resources */ = {isa = PBXBuildFile; fileRef = 847D52FB2C8B83F000FD7C78 /* NewViewController.storyboard */; };
		847D52FE2C8B845300FD7C78 /* NewViewController.swift in Sources */ = {isa = PBXBuildFile; fileRef = 847D52FD2C8B845300FD7C78 /* NewViewController.swift */; };
		84804B2B2C92075E000CD29E /* ChangeOrderViewController.storyboard in Resources */ = {isa = PBXBuildFile; fileRef = 84804B2A2C92075E000CD29E /* ChangeOrderViewController.storyboard */; };
		84804B2D2C920773000CD29E /* ChangeOrderViewController.swift in Sources */ = {isa = PBXBuildFile; fileRef = 84804B2C2C920773000CD29E /* ChangeOrderViewController.swift */; };
		84EA19B22C8EDD8600EE908C /* DetailsOrderViewController.storyboard in Resources */ = {isa = PBXBuildFile; fileRef = 84EA19B12C8EDD8600EE908C /* DetailsOrderViewController.storyboard */; };
		84EA19B42C8EDD9300EE908C /* DetailsOrderViewController.swift in Sources */ = {isa = PBXBuildFile; fileRef = 84EA19B32C8EDD9300EE908C /* DetailsOrderViewController.swift */; };
		84EA19B72C8EE11B00EE908C /* MoreDetailsViewController.swift in Sources */ = {isa = PBXBuildFile; fileRef = 84EA19B62C8EE11B00EE908C /* MoreDetailsViewController.swift */; };
		84EA19B92C8EE12C00EE908C /* MoreDetailsViewController.storyboard in Resources */ = {isa = PBXBuildFile; fileRef = 84EA19B82C8EE12C00EE908C /* MoreDetailsViewController.storyboard */; };
		84EA19BC2C901A6100EE908C /* NewExpertizViewController.storyboard in Resources */ = {isa = PBXBuildFile; fileRef = 84EA19BB2C901A6100EE908C /* NewExpertizViewController.storyboard */; };
		84EA19BE2C901A6B00EE908C /* NewExpertizViewController.swift in Sources */ = {isa = PBXBuildFile; fileRef = 84EA19BD2C901A6B00EE908C /* NewExpertizViewController.swift */; };
		84EA19C12C901FCB00EE908C /* ActualViewController.swift in Sources */ = {isa = PBXBuildFile; fileRef = 84EA19C02C901FCB00EE908C /* ActualViewController.swift */; };
		84EA19C32C901FDA00EE908C /* ActualViewController.storyboard in Resources */ = {isa = PBXBuildFile; fileRef = 84EA19C22C901FDA00EE908C /* ActualViewController.storyboard */; };
		84EA19C62C9025A000EE908C /* ActualMoreDetailsViewController.storyboard in Resources */ = {isa = PBXBuildFile; fileRef = 84EA19C52C9025A000EE908C /* ActualMoreDetailsViewController.storyboard */; };
		84EA19C82C9025AC00EE908C /* ActualMoreDetailsViewController.swift in Sources */ = {isa = PBXBuildFile; fileRef = 84EA19C72C9025AC00EE908C /* ActualMoreDetailsViewController.swift */; };
/* End PBXBuildFile section */

/* Begin PBXFileReference section */
		842849832C98C4EC00885B16 /* EntrViewController.swift */ = {isa = PBXFileReference; lastKnownFileType = sourcecode.swift; path = EntrViewController.swift; sourceTree = "<group>"; };
		842849852C98C4F700885B16 /* EntrViewController.storyboard */ = {isa = PBXFileReference; lastKnownFileType = file.storyboard; path = EntrViewController.storyboard; sourceTree = "<group>"; };
		842849892C98C5F800885B16 /* RegViewController.storyboard */ = {isa = PBXFileReference; lastKnownFileType = file.storyboard; path = RegViewController.storyboard; sourceTree = "<group>"; };
		8428498B2C98C60100885B16 /* RegViewController.swift */ = {isa = PBXFileReference; lastKnownFileType = sourcecode.swift; path = RegViewController.swift; sourceTree = "<group>"; };
		847D52E32C88D9F200FD7C78 /* ExpertAdmin.app */ = {isa = PBXFileReference; explicitFileType = wrapper.application; includeInIndex = 0; path = ExpertAdmin.app; sourceTree = BUILT_PRODUCTS_DIR; };
		847D52E62C88D9F200FD7C78 /* AppDelegate.swift */ = {isa = PBXFileReference; lastKnownFileType = sourcecode.swift; path = AppDelegate.swift; sourceTree = "<group>"; };
		847D52E82C88D9F200FD7C78 /* SceneDelegate.swift */ = {isa = PBXFileReference; lastKnownFileType = sourcecode.swift; path = SceneDelegate.swift; sourceTree = "<group>"; };
		847D52EA2C88D9F200FD7C78 /* ViewController.swift */ = {isa = PBXFileReference; lastKnownFileType = sourcecode.swift; path = ViewController.swift; sourceTree = "<group>"; };
		847D52ED2C88D9F200FD7C78 /* Base */ = {isa = PBXFileReference; lastKnownFileType = file.storyboard; name = Base; path = Base.lproj/Main.storyboard; sourceTree = "<group>"; };
		847D52EF2C88D9F500FD7C78 /* Assets.xcassets */ = {isa = PBXFileReference; lastKnownFileType = folder.assetcatalog; path = Assets.xcassets; sourceTree = "<group>"; };
		847D52F22C88D9F500FD7C78 /* Base */ = {isa = PBXFileReference; lastKnownFileType = file.storyboard; name = Base; path = Base.lproj/LaunchScreen.storyboard; sourceTree = "<group>"; };
		847D52F42C88D9F500FD7C78 /* Info.plist */ = {isa = PBXFileReference; lastKnownFileType = text.plist.xml; path = Info.plist; sourceTree = "<group>"; };
		847D52FB2C8B83F000FD7C78 /* NewViewController.storyboard */ = {isa = PBXFileReference; lastKnownFileType = file.storyboard; path = NewViewController.storyboard; sourceTree = "<group>"; };
		847D52FD2C8B845300FD7C78 /* NewViewController.swift */ = {isa = PBXFileReference; lastKnownFileType = sourcecode.swift; path = NewViewController.swift; sourceTree = "<group>"; };
		84804B2A2C92075E000CD29E /* ChangeOrderViewController.storyboard */ = {isa = PBXFileReference; lastKnownFileType = file.storyboard; path = ChangeOrderViewController.storyboard; sourceTree = "<group>"; };
		84804B2C2C920773000CD29E /* ChangeOrderViewController.swift */ = {isa = PBXFileReference; lastKnownFileType = sourcecode.swift; path = ChangeOrderViewController.swift; sourceTree = "<group>"; };
		84EA19B12C8EDD8600EE908C /* DetailsOrderViewController.storyboard */ = {isa = PBXFileReference; lastKnownFileType = file.storyboard; path = DetailsOrderViewController.storyboard; sourceTree = "<group>"; };
		84EA19B32C8EDD9300EE908C /* DetailsOrderViewController.swift */ = {isa = PBXFileReference; lastKnownFileType = sourcecode.swift; path = DetailsOrderViewController.swift; sourceTree = "<group>"; };
		84EA19B62C8EE11B00EE908C /* MoreDetailsViewController.swift */ = {isa = PBXFileReference; lastKnownFileType = sourcecode.swift; path = MoreDetailsViewController.swift; sourceTree = "<group>"; };
		84EA19B82C8EE12C00EE908C /* MoreDetailsViewController.storyboard */ = {isa = PBXFileReference; lastKnownFileType = file.storyboard; path = MoreDetailsViewController.storyboard; sourceTree = "<group>"; };
		84EA19BB2C901A6100EE908C /* NewExpertizViewController.storyboard */ = {isa = PBXFileReference; lastKnownFileType = file.storyboard; path = NewExpertizViewController.storyboard; sourceTree = "<group>"; };
		84EA19BD2C901A6B00EE908C /* NewExpertizViewController.swift */ = {isa = PBXFileReference; lastKnownFileType = sourcecode.swift; path = NewExpertizViewController.swift; sourceTree = "<group>"; };
		84EA19C02C901FCB00EE908C /* ActualViewController.swift */ = {isa = PBXFileReference; lastKnownFileType = sourcecode.swift; path = ActualViewController.swift; sourceTree = "<group>"; };
		84EA19C22C901FDA00EE908C /* ActualViewController.storyboard */ = {isa = PBXFileReference; lastKnownFileType = file.storyboard; path = ActualViewController.storyboard; sourceTree = "<group>"; };
		84EA19C52C9025A000EE908C /* ActualMoreDetailsViewController.storyboard */ = {isa = PBXFileReference; lastKnownFileType = file.storyboard; path = ActualMoreDetailsViewController.storyboard; sourceTree = "<group>"; };
		84EA19C72C9025AC00EE908C /* ActualMoreDetailsViewController.swift */ = {isa = PBXFileReference; lastKnownFileType = sourcecode.swift; path = ActualMoreDetailsViewController.swift; sourceTree = "<group>"; };
/* End PBXFileReference section */

/* Begin PBXFrameworksBuildPhase section */
		847D52E02C88D9F200FD7C78 /* Frameworks */ = {
			isa = PBXFrameworksBuildPhase;
			buildActionMask = 2147483647;
			files = (
			);
			runOnlyForDeploymentPostprocessing = 0;
		};
/* End PBXFrameworksBuildPhase section */

/* Begin PBXGroup section */
		842849822C98C4DA00885B16 /* EntrViewController */ = {
			isa = PBXGroup;
			children = (
				842849832C98C4EC00885B16 /* EntrViewController.swift */,
				842849852C98C4F700885B16 /* EntrViewController.storyboard */,
			);
			path = EntrViewController;
			sourceTree = "<group>";
		};
		842849882C98C5EE00885B16 /* RegViewController */ = {
			isa = PBXGroup;
			children = (
				842849892C98C5F800885B16 /* RegViewController.storyboard */,
				8428498B2C98C60100885B16 /* RegViewController.swift */,
			);
			path = RegViewController;
			sourceTree = "<group>";
		};
		847D52DA2C88D9F200FD7C78 = {
			isa = PBXGroup;
			children = (
				847D52E52C88D9F200FD7C78 /* ExpertAdmin */,
				847D52E42C88D9F200FD7C78 /* Products */,
			);
			sourceTree = "<group>";
		};
		847D52E42C88D9F200FD7C78 /* Products */ = {
			isa = PBXGroup;
			children = (
				847D52E32C88D9F200FD7C78 /* ExpertAdmin.app */,
			);
			name = Products;
			sourceTree = "<group>";
		};
		847D52E52C88D9F200FD7C78 /* ExpertAdmin */ = {
			isa = PBXGroup;
			children = (
				842849882C98C5EE00885B16 /* RegViewController */,
				842849822C98C4DA00885B16 /* EntrViewController */,
				84804B292C92074A000CD29E /* ChangeOrderViewController */,
				84EA19C42C90257700EE908C /* ActualMoreDetailsViewController */,
				84EA19BF2C901E0200EE908C /* ActualViewController */,
				84EA19BA2C901A3000EE908C /* NewExpertizViewController */,
				84EA19B52C8EE0EB00EE908C /* MoreDetailsViewController */,
				84EA19B02C8EDD1E00EE908C /* DetailsOrderViewController */,
				847D52FA2C8B83B200FD7C78 /* NewViewController */,
				847D52E62C88D9F200FD7C78 /* AppDelegate.swift */,
				847D52E82C88D9F200FD7C78 /* SceneDelegate.swift */,
				847D52EA2C88D9F200FD7C78 /* ViewController.swift */,
				847D52EC2C88D9F200FD7C78 /* Main.storyboard */,
				847D52EF2C88D9F500FD7C78 /* Assets.xcassets */,
				847D52F12C88D9F500FD7C78 /* LaunchScreen.storyboard */,
				847D52F42C88D9F500FD7C78 /* Info.plist */,
			);
			path = ExpertAdmin;
			sourceTree = "<group>";
		};
		847D52FA2C8B83B200FD7C78 /* NewViewController */ = {
			isa = PBXGroup;
			children = (
				847D52FB2C8B83F000FD7C78 /* NewViewController.storyboard */,
				847D52FD2C8B845300FD7C78 /* NewViewController.swift */,
			);
			path = NewViewController;
			sourceTree = "<group>";
		};
		84804B292C92074A000CD29E /* ChangeOrderViewController */ = {
			isa = PBXGroup;
			children = (
				84804B2A2C92075E000CD29E /* ChangeOrderViewController.storyboard */,
				84804B2C2C920773000CD29E /* ChangeOrderViewController.swift */,
			);
			path = ChangeOrderViewController;
			sourceTree = "<group>";
		};
		84EA19B02C8EDD1E00EE908C /* DetailsOrderViewController */ = {
			isa = PBXGroup;
			children = (
				84EA19B12C8EDD8600EE908C /* DetailsOrderViewController.storyboard */,
				84EA19B32C8EDD9300EE908C /* DetailsOrderViewController.swift */,
			);
			path = DetailsOrderViewController;
			sourceTree = "<group>";
		};
		84EA19B52C8EE0EB00EE908C /* MoreDetailsViewController */ = {
			isa = PBXGroup;
			children = (
				84EA19B62C8EE11B00EE908C /* MoreDetailsViewController.swift */,
				84EA19B82C8EE12C00EE908C /* MoreDetailsViewController.storyboard */,
			);
			path = MoreDetailsViewController;
			sourceTree = "<group>";
		};
		84EA19BA2C901A3000EE908C /* NewExpertizViewController */ = {
			isa = PBXGroup;
			children = (
				84EA19BB2C901A6100EE908C /* NewExpertizViewController.storyboard */,
				84EA19BD2C901A6B00EE908C /* NewExpertizViewController.swift */,
			);
			path = NewExpertizViewController;
			sourceTree = "<group>";
		};
		84EA19BF2C901E0200EE908C /* ActualViewController */ = {
			isa = PBXGroup;
			children = (
				84EA19C02C901FCB00EE908C /* ActualViewController.swift */,
				84EA19C22C901FDA00EE908C /* ActualViewController.storyboard */,
			);
			path = ActualViewController;
			sourceTree = "<group>";
		};
		84EA19C42C90257700EE908C /* ActualMoreDetailsViewController */ = {
			isa = PBXGroup;
			children = (
				84EA19C52C9025A000EE908C /* ActualMoreDetailsViewController.storyboard */,
				84EA19C72C9025AC00EE908C /* ActualMoreDetailsViewController.swift */,
			);
			path = ActualMoreDetailsViewController;
			sourceTree = "<group>";
		};
/* End PBXGroup section */

/* Begin PBXNativeTarget section */
		847D52E22C88D9F200FD7C78 /* ExpertAdmin */ = {
			isa = PBXNativeTarget;
			buildConfigurationList = 847D52F72C88D9F500FD7C78 /* Build configuration list for PBXNativeTarget "ExpertAdmin" */;
			buildPhases = (
				847D52DF2C88D9F200FD7C78 /* Sources */,
				847D52E02C88D9F200FD7C78 /* Frameworks */,
				847D52E12C88D9F200FD7C78 /* Resources */,
			);
			buildRules = (
			);
			dependencies = (
			);
			name = ExpertAdmin;
			productName = ExpertAdmin;
			productReference = 847D52E32C88D9F200FD7C78 /* ExpertAdmin.app */;
			productType = "com.apple.product-type.application";
		};
/* End PBXNativeTarget section */

/* Begin PBXProject section */
		847D52DB2C88D9F200FD7C78 /* Project object */ = {
			isa = PBXProject;
			attributes = {
				BuildIndependentTargetsInParallel = 1;
				LastSwiftUpdateCheck = 1400;
				LastUpgradeCheck = 1400;
				TargetAttributes = {
					847D52E22C88D9F200FD7C78 = {
						CreatedOnToolsVersion = 14.0;
					};
				};
			};
			buildConfigurationList = 847D52DE2C88D9F200FD7C78 /* Build configuration list for PBXProject "ExpertAdmin" */;
			compatibilityVersion = "Xcode 14.0";
			developmentRegion = en;
			hasScannedForEncodings = 0;
			knownRegions = (
				en,
				Base,
			);
			mainGroup = 847D52DA2C88D9F200FD7C78;
			productRefGroup = 847D52E42C88D9F200FD7C78 /* Products */;
			projectDirPath = "";
			projectRoot = "";
			targets = (
				847D52E22C88D9F200FD7C78 /* ExpertAdmin */,
			);
		};
/* End PBXProject section */

/* Begin PBXResourcesBuildPhase section */
		847D52E12C88D9F200FD7C78 /* Resources */ = {
			isa = PBXResourcesBuildPhase;
			buildActionMask = 2147483647;
			files = (
				847D52FC2C8B83F000FD7C78 /* NewViewController.storyboard in Resources */,
				84EA19C62C9025A000EE908C /* ActualMoreDetailsViewController.storyboard in Resources */,
				847D52F32C88D9F500FD7C78 /* LaunchScreen.storyboard in Resources */,
				84EA19BC2C901A6100EE908C /* NewExpertizViewController.storyboard in Resources */,
				8428498A2C98C5F800885B16 /* RegViewController.storyboard in Resources */,
				842849862C98C4F700885B16 /* EntrViewController.storyboard in Resources */,
				847D52F02C88D9F500FD7C78 /* Assets.xcassets in Resources */,
				84EA19B22C8EDD8600EE908C /* DetailsOrderViewController.storyboard in Resources */,
				84804B2B2C92075E000CD29E /* ChangeOrderViewController.storyboard in Resources */,
				847D52EE2C88D9F200FD7C78 /* Main.storyboard in Resources */,
				84EA19B92C8EE12C00EE908C /* MoreDetailsViewController.storyboard in Resources */,
				84EA19C32C901FDA00EE908C /* ActualViewController.storyboard in Resources */,
			);
			runOnlyForDeploymentPostprocessing = 0;
		};
/* End PBXResourcesBuildPhase section */

/* Begin PBXSourcesBuildPhase section */
		847D52DF2C88D9F200FD7C78 /* Sources */ = {
			isa = PBXSourcesBuildPhase;
			buildActionMask = 2147483647;
			files = (
				84EA19B72C8EE11B00EE908C /* MoreDetailsViewController.swift in Sources */,
				84804B2D2C920773000CD29E /* ChangeOrderViewController.swift in Sources */,
				84EA19BE2C901A6B00EE908C /* NewExpertizViewController.swift in Sources */,
				847D52EB2C88D9F200FD7C78 /* ViewController.swift in Sources */,
				84EA19C82C9025AC00EE908C /* ActualMoreDetailsViewController.swift in Sources */,
				847D52E72C88D9F200FD7C78 /* AppDelegate.swift in Sources */,
				847D52E92C88D9F200FD7C78 /* SceneDelegate.swift in Sources */,
				8428498C2C98C60100885B16 /* RegViewController.swift in Sources */,
				847D52FE2C8B845300FD7C78 /* NewViewController.swift in Sources */,
				84EA19C12C901FCB00EE908C /* ActualViewController.swift in Sources */,
				842849842C98C4EC00885B16 /* EntrViewController.swift in Sources */,
				84EA19B42C8EDD9300EE908C /* DetailsOrderViewController.swift in Sources */,
			);
			runOnlyForDeploymentPostprocessing = 0;
		};
/* End PBXSourcesBuildPhase section */

/* Begin PBXVariantGroup section */
		847D52EC2C88D9F200FD7C78 /* Main.storyboard */ = {
			isa = PBXVariantGroup;
			children = (
				847D52ED2C88D9F200FD7C78 /* Base */,
			);
			name = Main.storyboard;
			sourceTree = "<group>";
		};
		847D52F12C88D9F500FD7C78 /* LaunchScreen.storyboard */ = {
			isa = PBXVariantGroup;
			children = (
				847D52F22C88D9F500FD7C78 /* Base */,
			);
			name = LaunchScreen.storyboard;
			sourceTree = "<group>";
		};
/* End PBXVariantGroup section */

/* Begin XCBuildConfiguration section */
		847D52F52C88D9F500FD7C78 /* Debug */ = {
			isa = XCBuildConfiguration;
			buildSettings = {
				ALWAYS_SEARCH_USER_PATHS = NO;
				CLANG_ANALYZER_NONNULL = YES;
				CLANG_ANALYZER_NUMBER_OBJECT_CONVERSION = YES_AGGRESSIVE;
				CLANG_CXX_LANGUAGE_STANDARD = "gnu++20";
				CLANG_ENABLE_MODULES = YES;
				CLANG_ENABLE_OBJC_ARC = YES;
				CLANG_ENABLE_OBJC_WEAK = YES;
				CLANG_WARN_BLOCK_CAPTURE_AUTORELEASING = YES;
				CLANG_WARN_BOOL_CONVERSION = YES;
				CLANG_WARN_COMMA = YES;
				CLANG_WARN_CONSTANT_CONVERSION = YES;
				CLANG_WARN_DEPRECATED_OBJC_IMPLEMENTATIONS = YES;
				CLANG_WARN_DIRECT_OBJC_ISA_USAGE = YES_ERROR;
				CLANG_WARN_DOCUMENTATION_COMMENTS = YES;
				CLANG_WARN_EMPTY_BODY = YES;
				CLANG_WARN_ENUM_CONVERSION = YES;
				CLANG_WARN_INFINITE_RECURSION = YES;
				CLANG_WARN_INT_CONVERSION = YES;
				CLANG_WARN_NON_LITERAL_NULL_CONVERSION = YES;
				CLANG_WARN_OBJC_IMPLICIT_RETAIN_SELF = YES;
				CLANG_WARN_OBJC_LITERAL_CONVERSION = YES;
				CLANG_WARN_OBJC_ROOT_CLASS = YES_ERROR;
				CLANG_WARN_QUOTED_INCLUDE_IN_FRAMEWORK_HEADER = YES;
				CLANG_WARN_RANGE_LOOP_ANALYSIS = YES;
				CLANG_WARN_STRICT_PROTOTYPES = YES;
				CLANG_WARN_SUSPICIOUS_MOVE = YES;
				CLANG_WARN_UNGUARDED_AVAILABILITY = YES_AGGRESSIVE;
				CLANG_WARN_UNREACHABLE_CODE = YES;
				CLANG_WARN__DUPLICATE_METHOD_MATCH = YES;
				COPY_PHASE_STRIP = NO;
				DEBUG_INFORMATION_FORMAT = dwarf;
				ENABLE_STRICT_OBJC_MSGSEND = YES;
				ENABLE_TESTABILITY = YES;
				GCC_C_LANGUAGE_STANDARD = gnu11;
				GCC_DYNAMIC_NO_PIC = NO;
				GCC_NO_COMMON_BLOCKS = YES;
				GCC_OPTIMIZATION_LEVEL = 0;
				GCC_PREPROCESSOR_DEFINITIONS = (
					"DEBUG=1",
					"$(inherited)",
				);
				GCC_WARN_64_TO_32_BIT_CONVERSION = YES;
				GCC_WARN_ABOUT_RETURN_TYPE = YES_ERROR;
				GCC_WARN_UNDECLARED_SELECTOR = YES;
				GCC_WARN_UNINITIALIZED_AUTOS = YES_AGGRESSIVE;
				GCC_WARN_UNUSED_FUNCTION = YES;
				GCC_WARN_UNUSED_VARIABLE = YES;
				IPHONEOS_DEPLOYMENT_TARGET = 16.0;
				MTL_ENABLE_DEBUG_INFO = INCLUDE_SOURCE;
				MTL_FAST_MATH = YES;
				ONLY_ACTIVE_ARCH = YES;
				SDKROOT = iphoneos;
				SWIFT_ACTIVE_COMPILATION_CONDITIONS = DEBUG;
				SWIFT_OPTIMIZATION_LEVEL = "-Onone";
			};
			name = Debug;
		};
		847D52F62C88D9F500FD7C78 /* Release */ = {
			isa = XCBuildConfiguration;
			buildSettings = {
				ALWAYS_SEARCH_USER_PATHS = NO;
				CLANG_ANALYZER_NONNULL = YES;
				CLANG_ANALYZER_NUMBER_OBJECT_CONVERSION = YES_AGGRESSIVE;
				CLANG_CXX_LANGUAGE_STANDARD = "gnu++20";
				CLANG_ENABLE_MODULES = YES;
				CLANG_ENABLE_OBJC_ARC = YES;
				CLANG_ENABLE_OBJC_WEAK = YES;
				CLANG_WARN_BLOCK_CAPTURE_AUTORELEASING = YES;
				CLANG_WARN_BOOL_CONVERSION = YES;
				CLANG_WARN_COMMA = YES;
				CLANG_WARN_CONSTANT_CONVERSION = YES;
				CLANG_WARN_DEPRECATED_OBJC_IMPLEMENTATIONS = YES;
				CLANG_WARN_DIRECT_OBJC_ISA_USAGE = YES_ERROR;
				CLANG_WARN_DOCUMENTATION_COMMENTS = YES;
				CLANG_WARN_EMPTY_BODY = YES;
				CLANG_WARN_ENUM_CONVERSION = YES;
				CLANG_WARN_INFINITE_RECURSION = YES;
				CLANG_WARN_INT_CONVERSION = YES;
				CLANG_WARN_NON_LITERAL_NULL_CONVERSION = YES;
				CLANG_WARN_OBJC_IMPLICIT_RETAIN_SELF = YES;
				CLANG_WARN_OBJC_LITERAL_CONVERSION = YES;
				CLANG_WARN_OBJC_ROOT_CLASS = YES_ERROR;
				CLANG_WARN_QUOTED_INCLUDE_IN_FRAMEWORK_HEADER = YES;
				CLANG_WARN_RANGE_LOOP_ANALYSIS = YES;
				CLANG_WARN_STRICT_PROTOTYPES = YES;
				CLANG_WARN_SUSPICIOUS_MOVE = YES;
				CLANG_WARN_UNGUARDED_AVAILABILITY = YES_AGGRESSIVE;
				CLANG_WARN_UNREACHABLE_CODE = YES;
				CLANG_WARN__DUPLICATE_METHOD_MATCH = YES;
				COPY_PHASE_STRIP = NO;
				DEBUG_INFORMATION_FORMAT = "dwarf-with-dsym";
				ENABLE_NS_ASSERTIONS = NO;
				ENABLE_STRICT_OBJC_MSGSEND = YES;
				GCC_C_LANGUAGE_STANDARD = gnu11;
				GCC_NO_COMMON_BLOCKS = YES;
				GCC_WARN_64_TO_32_BIT_CONVERSION = YES;
				GCC_WARN_ABOUT_RETURN_TYPE = YES_ERROR;
				GCC_WARN_UNDECLARED_SELECTOR = YES;
				GCC_WARN_UNINITIALIZED_AUTOS = YES_AGGRESSIVE;
				GCC_WARN_UNUSED_FUNCTION = YES;
				GCC_WARN_UNUSED_VARIABLE = YES;
				IPHONEOS_DEPLOYMENT_TARGET = 16.0;
				MTL_ENABLE_DEBUG_INFO = NO;
				MTL_FAST_MATH = YES;
				SDKROOT = iphoneos;
				SWIFT_COMPILATION_MODE = wholemodule;
				SWIFT_OPTIMIZATION_LEVEL = "-O";
				VALIDATE_PRODUCT = YES;
			};
			name = Release;
		};
		847D52F82C88D9F500FD7C78 /* Debug */ = {
			isa = XCBuildConfiguration;
			buildSettings = {
				ASSETCATALOG_COMPILER_APPICON_NAME = AppIcon;
				ASSETCATALOG_COMPILER_GLOBAL_ACCENT_COLOR_NAME = AccentColor;
				CODE_SIGN_STYLE = Automatic;
				CURRENT_PROJECT_VERSION = 1;
				DEVELOPMENT_TEAM = B6XPJ2N83U;
				GENERATE_INFOPLIST_FILE = YES;
				INFOPLIST_FILE = ExpertAdmin/Info.plist;
				INFOPLIST_KEY_UIApplicationSupportsIndirectInputEvents = YES;
				INFOPLIST_KEY_UILaunchStoryboardName = LaunchScreen;
				INFOPLIST_KEY_UIMainStoryboardFile = Main;
				INFOPLIST_KEY_UISupportedInterfaceOrientations_iPad = "UIInterfaceOrientationPortrait UIInterfaceOrientationPortraitUpsideDown UIInterfaceOrientationLandscapeLeft UIInterfaceOrientationLandscapeRight";
				INFOPLIST_KEY_UISupportedInterfaceOrientations_iPhone = "UIInterfaceOrientationPortrait UIInterfaceOrientationLandscapeLeft UIInterfaceOrientationLandscapeRight";
				LD_RUNPATH_SEARCH_PATHS = (
					"$(inherited)",
					"@executable_path/Frameworks",
				);
				MARKETING_VERSION = 1.0;
				PRODUCT_BUNDLE_IDENTIFIER = starkon.ExpertAdmin;
				PRODUCT_NAME = "$(TARGET_NAME)";
				SWIFT_EMIT_LOC_STRINGS = YES;
				SWIFT_VERSION = 5.0;
				TARGETED_DEVICE_FAMILY = "1,2";
			};
			name = Debug;
		};
		847D52F92C88D9F500FD7C78 /* Release */ = {
			isa = XCBuildConfiguration;
			buildSettings = {
				ASSETCATALOG_COMPILER_APPICON_NAME = AppIcon;
				ASSETCATALOG_COMPILER_GLOBAL_ACCENT_COLOR_NAME = AccentColor;
				CODE_SIGN_STYLE = Automatic;
				CURRENT_PROJECT_VERSION = 1;
				DEVELOPMENT_TEAM = B6XPJ2N83U;
				GENERATE_INFOPLIST_FILE = YES;
				INFOPLIST_FILE = ExpertAdmin/Info.plist;
				INFOPLIST_KEY_UIApplicationSupportsIndirectInputEvents = YES;
				INFOPLIST_KEY_UILaunchStoryboardName = LaunchScreen;
				INFOPLIST_KEY_UIMainStoryboardFile = Main;
				INFOPLIST_KEY_UISupportedInterfaceOrientations_iPad = "UIInterfaceOrientationPortrait UIInterfaceOrientationPortraitUpsideDown UIInterfaceOrientationLandscapeLeft UIInterfaceOrientationLandscapeRight";
				INFOPLIST_KEY_UISupportedInterfaceOrientations_iPhone = "UIInterfaceOrientationPortrait UIInterfaceOrientationLandscapeLeft UIInterfaceOrientationLandscapeRight";
				LD_RUNPATH_SEARCH_PATHS = (
					"$(inherited)",
					"@executable_path/Frameworks",
				);
				MARKETING_VERSION = 1.0;
				PRODUCT_BUNDLE_IDENTIFIER = starkon.ExpertAdmin;
				PRODUCT_NAME = "$(TARGET_NAME)";
				SWIFT_EMIT_LOC_STRINGS = YES;
				SWIFT_VERSION = 5.0;
				TARGETED_DEVICE_FAMILY = "1,2";
			};
			name = Release;
		};
/* End XCBuildConfiguration section */

/* Begin XCConfigurationList section */
		847D52DE2C88D9F200FD7C78 /* Build configuration list for PBXProject "ExpertAdmin" */ = {
			isa = XCConfigurationList;
			buildConfigurations = (
				847D52F52C88D9F500FD7C78 /* Debug */,
				847D52F62C88D9F500FD7C78 /* Release */,
			);
			defaultConfigurationIsVisible = 0;
			defaultConfigurationName = Release;
		};
		847D52F72C88D9F500FD7C78 /* Build configuration list for PBXNativeTarget "ExpertAdmin" */ = {
			isa = XCConfigurationList;
			buildConfigurations = (
				847D52F82C88D9F500FD7C78 /* Debug */,
				847D52F92C88D9F500FD7C78 /* Release */,
			);
			defaultConfigurationIsVisible = 0;
			defaultConfigurationName = Release;
		};
/* End XCConfigurationList section */
	};
	rootObject = 847D52DB2C88D9F200FD7C78 /* Project object */;
}
