// !$*UTF8*$!
{
	archiveVersion = 1;
	classes = {
	};
	objectVersion = 56;
	objects = {

/* Begin PBXBuildFile section */
		842849842C98C4EC00885B16 /* EntrViewController.swift in Sources */ = {isa = PBXBuildFile; fileRef = 842849832C98C4EC00885B16 /* EntrViewController.swift */; };
		842849862C98C4F700885B16 /* EntrViewController.storyboard in Resources */ = {isa = PBXBuildFile; fileRef = 842849852C98C4F700885B16 /* EntrViewController.storyboard */; };
		8428498A2C98C5F800885B16 /* RegViewController.storyboard in Resources */ = {isa = PBXBuildFile; fileRef = 842849892C98C5F800885B16 /* RegViewController.storyboard */; };
		8428498C2C98C60100885B16 /* RegViewController.swift in Sources */ = {isa = PBXBuildFile; fileRef = 8428498B2C98C60100885B16 /* RegViewController.swift */; };
		844FF0652CCA48DC00BCC4B9 /* checkCurrentWork.swift in Sources */ = {isa = PBXBuildFile; fileRef = 844FF0642CCA48DC00BCC4B9 /* checkCurrentWork.swift */; };
		844FF0672CCA48E800BCC4B9 /* checkCurrentWork.storyboard in Resources */ = {isa = PBXBuildFile; fileRef = 844FF0662CCA48E800BCC4B9 /* checkCurrentWork.storyboard */; };
		844FF06A2CCB965000BCC4B9 /* MyOrderViewController.storyboard in Resources */ = {isa = PBXBuildFile; fileRef = 844FF0692CCB965000BCC4B9 /* MyOrderViewController.storyboard */; };
		844FF06C2CCB966800BCC4B9 /* MyOrderViewController.swift in Sources */ = {isa = PBXBuildFile; fileRef = 844FF06B2CCB966800BCC4B9 /* MyOrderViewController.swift */; };
		844FF06E2CCC396D00BCC4B9 /* FullImageViewController.swift in Sources */ = {isa = PBXBuildFile; fileRef = 844FF06D2CCC396D00BCC4B9 /* FullImageViewController.swift */; };
		844FF0702CCC39C500BCC4B9 /* FullImageViewController.storyboard in Resources */ = {isa = PBXBuildFile; fileRef = 844FF06F2CCC39C500BCC4B9 /* FullImageViewController.storyboard */; };
		847D52E72C88D9F200FD7C78 /* AppDelegate.swift in Sources */ = {isa = PBXBuildFile; fileRef = 847D52E62C88D9F200FD7C78 /* AppDelegate.swift */; };
		847D52E92C88D9F200FD7C78 /* SceneDelegate.swift in Sources */ = {isa = PBXBuildFile; fileRef = 847D52E82C88D9F200FD7C78 /* SceneDelegate.swift */; };
		847D52EB2C88D9F200FD7C78 /* ViewController.swift in Sources */ = {isa = PBXBuildFile; fileRef = 847D52EA2C88D9F200FD7C78 /* ViewController.swift */; };
		847D52EE2C88D9F200FD7C78 /* Main.storyboard in Resources */ = {isa = PBXBuildFile; fileRef = 847D52EC2C88D9F200FD7C78 /* Main.storyboard */; };
		847D52F02C88D9F500FD7C78 /* Assets.xcassets in Resources */ = {isa = PBXBuildFile; fileRef = 847D52EF2C88D9F500FD7C78 /* Assets.xcassets */; };
		847D52F32C88D9F500FD7C78 /* LaunchScreen.storyboard in Resources */ = {isa = PBXBuildFile; fileRef = 847D52F12C88D9F500FD7C78 /* LaunchScreen.storyboard */; };
		84D666382CB79937007C5013 /* FilterViewController.swift in Sources */ = {isa = PBXBuildFile; fileRef = 84D666372CB79937007C5013 /* FilterViewController.swift */; };
		84D6663B2CB79956007C5013 /* FilterViewController.storyboard in Resources */ = {isa = PBXBuildFile; fileRef = 84D6663A2CB79956007C5013 /* FilterViewController.storyboard */; };
		84D6663F2CBBCE95007C5013 /* ExpertsViewController.storyboard in Resources */ = {isa = PBXBuildFile; fileRef = 84D6663E2CBBCE95007C5013 /* ExpertsViewController.storyboard */; };
		84D666412CBBCEA6007C5013 /* ExpertsViewController.swift in Sources */ = {isa = PBXBuildFile; fileRef = 84D666402CBBCEA6007C5013 /* ExpertsViewController.swift */; };
		84D7DC512CC4DE5E00168334 /* FirebaseAppCheck in Frameworks */ = {isa = PBXBuildFile; productRef = 84D7DC502CC4DE5E00168334 /* FirebaseAppCheck */; };
		84D7DC532CC4DE5E00168334 /* FirebaseAuth in Frameworks */ = {isa = PBXBuildFile; productRef = 84D7DC522CC4DE5E00168334 /* FirebaseAuth */; };
		84D7DC552CC4DE5E00168334 /* FirebaseDatabase in Frameworks */ = {isa = PBXBuildFile; productRef = 84D7DC542CC4DE5E00168334 /* FirebaseDatabase */; };
		84D7DC572CC4DE5E00168334 /* FirebaseFirestore in Frameworks */ = {isa = PBXBuildFile; productRef = 84D7DC562CC4DE5E00168334 /* FirebaseFirestore */; };
		84D7DC592CC4DE5E00168334 /* FirebaseStorage in Frameworks */ = {isa = PBXBuildFile; productRef = 84D7DC582CC4DE5E00168334 /* FirebaseStorage */; };
		84D7DC5B2CC4EAD000168334 /* GoogleService-Info.plist in Resources */ = {isa = PBXBuildFile; fileRef = 84D7DC5A2CC4EACF00168334 /* GoogleService-Info.plist */; };
		84D7DC712CC78C7D00168334 /* EditExpertViewController.storyboard in Resources */ = {isa = PBXBuildFile; fileRef = 84D7DC702CC78C7D00168334 /* EditExpertViewController.storyboard */; };
		84D7DC732CC78D2100168334 /* EditExpertViewController.swift in Sources */ = {isa = PBXBuildFile; fileRef = 84D7DC722CC78D2100168334 /* EditExpertViewController.swift */; };
		84EA19B22C8EDD8600EE908C /* DetailsOrderViewController.storyboard in Resources */ = {isa = PBXBuildFile; fileRef = 84EA19B12C8EDD8600EE908C /* DetailsOrderViewController.storyboard */; };
		84EA19B42C8EDD9300EE908C /* DetailsOrderViewController.swift in Sources */ = {isa = PBXBuildFile; fileRef = 84EA19B32C8EDD9300EE908C /* DetailsOrderViewController.swift */; };
		84EA19BC2C901A6100EE908C /* NewExpertizViewController.storyboard in Resources */ = {isa = PBXBuildFile; fileRef = 84EA19BB2C901A6100EE908C /* NewExpertizViewController.storyboard */; };
		84EA19BE2C901A6B00EE908C /* NewExpertizViewController.swift in Sources */ = {isa = PBXBuildFile; fileRef = 84EA19BD2C901A6B00EE908C /* NewExpertizViewController.swift */; };
/* End PBXBuildFile section */

/* Begin PBXFileReference section */
		842849832C98C4EC00885B16 /* EntrViewController.swift */ = {isa = PBXFileReference; lastKnownFileType = sourcecode.swift; path = EntrViewController.swift; sourceTree = "<group>"; };
		842849852C98C4F700885B16 /* EntrViewController.storyboard */ = {isa = PBXFileReference; lastKnownFileType = file.storyboard; path = EntrViewController.storyboard; sourceTree = "<group>"; };
		842849892C98C5F800885B16 /* RegViewController.storyboard */ = {isa = PBXFileReference; lastKnownFileType = file.storyboard; path = RegViewController.storyboard; sourceTree = "<group>"; };
		8428498B2C98C60100885B16 /* RegViewController.swift */ = {isa = PBXFileReference; lastKnownFileType = sourcecode.swift; path = RegViewController.swift; sourceTree = "<group>"; };
		844FF0642CCA48DC00BCC4B9 /* checkCurrentWork.swift */ = {isa = PBXFileReference; lastKnownFileType = sourcecode.swift; path = checkCurrentWork.swift; sourceTree = "<group>"; };
		844FF0662CCA48E800BCC4B9 /* checkCurrentWork.storyboard */ = {isa = PBXFileReference; lastKnownFileType = file.storyboard; path = checkCurrentWork.storyboard; sourceTree = "<group>"; };
		844FF0692CCB965000BCC4B9 /* MyOrderViewController.storyboard */ = {isa = PBXFileReference; lastKnownFileType = file.storyboard; path = MyOrderViewController.storyboard; sourceTree = "<group>"; };
		844FF06B2CCB966800BCC4B9 /* MyOrderViewController.swift */ = {isa = PBXFileReference; lastKnownFileType = sourcecode.swift; path = MyOrderViewController.swift; sourceTree = "<group>"; };
		844FF06D2CCC396D00BCC4B9 /* FullImageViewController.swift */ = {isa = PBXFileReference; lastKnownFileType = sourcecode.swift; path = FullImageViewController.swift; sourceTree = "<group>"; };
		844FF06F2CCC39C500BCC4B9 /* FullImageViewController.storyboard */ = {isa = PBXFileReference; lastKnownFileType = file.storyboard; path = FullImageViewController.storyboard; sourceTree = "<group>"; };
		847D52E32C88D9F200FD7C78 /* ExpertAdmin.app */ = {isa = PBXFileReference; explicitFileType = wrapper.application; includeInIndex = 0; path = ExpertAdmin.app; sourceTree = BUILT_PRODUCTS_DIR; };
		847D52E62C88D9F200FD7C78 /* AppDelegate.swift */ = {isa = PBXFileReference; lastKnownFileType = sourcecode.swift; path = AppDelegate.swift; sourceTree = "<group>"; };
		847D52E82C88D9F200FD7C78 /* SceneDelegate.swift */ = {isa = PBXFileReference; lastKnownFileType = sourcecode.swift; path = SceneDelegate.swift; sourceTree = "<group>"; };
		847D52EA2C88D9F200FD7C78 /* ViewController.swift */ = {isa = PBXFileReference; lastKnownFileType = sourcecode.swift; path = ViewController.swift; sourceTree = "<group>"; };
		847D52ED2C88D9F200FD7C78 /* Base */ = {isa = PBXFileReference; lastKnownFileType = file.storyboard; name = Base; path = Base.lproj/Main.storyboard; sourceTree = "<group>"; };
		847D52EF2C88D9F500FD7C78 /* Assets.xcassets */ = {isa = PBXFileReference; lastKnownFileType = folder.assetcatalog; path = Assets.xcassets; sourceTree = "<group>"; };
		847D52F22C88D9F500FD7C78 /* Base */ = {isa = PBXFileReference; lastKnownFileType = file.storyboard; name = Base; path = Base.lproj/LaunchScreen.storyboard; sourceTree = "<group>"; };
		847D52F42C88D9F500FD7C78 /* Info.plist */ = {isa = PBXFileReference; lastKnownFileType = text.plist.xml; path = Info.plist; sourceTree = "<group>"; };
		84D666372CB79937007C5013 /* FilterViewController.swift */ = {isa = PBXFileReference; lastKnownFileType = sourcecode.swift; path = FilterViewController.swift; sourceTree = "<group>"; };
		84D6663A2CB79956007C5013 /* FilterViewController.storyboard */ = {isa = PBXFileReference; lastKnownFileType = file.storyboard; path = FilterViewController.storyboard; sourceTree = "<group>"; };
		84D6663E2CBBCE95007C5013 /* ExpertsViewController.storyboard */ = {isa = PBXFileReference; lastKnownFileType = file.storyboard; path = ExpertsViewController.storyboard; sourceTree = "<group>"; };
		84D666402CBBCEA6007C5013 /* ExpertsViewController.swift */ = {isa = PBXFileReference; lastKnownFileType = sourcecode.swift; path = ExpertsViewController.swift; sourceTree = "<group>"; };
		84D7DC5A2CC4EACF00168334 /* GoogleService-Info.plist */ = {isa = PBXFileReference; fileEncoding = 4; lastKnownFileType = text.plist.xml; name = "GoogleService-Info.plist"; path = "../../../Downloads/GoogleService-Info.plist"; sourceTree = "<group>"; };
		84D7DC702CC78C7D00168334 /* EditExpertViewController.storyboard */ = {isa = PBXFileReference; lastKnownFileType = file.storyboard; path = EditExpertViewController.storyboard; sourceTree = "<group>"; };
		84D7DC722CC78D2100168334 /* EditExpertViewController.swift */ = {isa = PBXFileReference; lastKnownFileType = sourcecode.swift; path = EditExpertViewController.swift; sourceTree = "<group>"; };
		84EA19B12C8EDD8600EE908C /* DetailsOrderViewController.storyboard */ = {isa = PBXFileReference; lastKnownFileType = file.storyboard; path = DetailsOrderViewController.storyboard; sourceTree = "<group>"; };
		84EA19B32C8EDD9300EE908C /* DetailsOrderViewController.swift */ = {isa = PBXFileReference; lastKnownFileType = sourcecode.swift; path = DetailsOrderViewController.swift; sourceTree = "<group>"; };
		84EA19BB2C901A6100EE908C /* NewExpertizViewController.storyboard */ = {isa = PBXFileReference; lastKnownFileType = file.storyboard; path = NewExpertizViewController.storyboard; sourceTree = "<group>"; };
		84EA19BD2C901A6B00EE908C /* NewExpertizViewController.swift */ = {isa = PBXFileReference; lastKnownFileType = sourcecode.swift; path = NewExpertizViewController.swift; sourceTree = "<group>"; };
/* End PBXFileReference section */

/* Begin PBXFrameworksBuildPhase section */
		847D52E02C88D9F200FD7C78 /* Frameworks */ = {
			isa = PBXFrameworksBuildPhase;
			buildActionMask = 2147483647;
			files = (
				84D7DC552CC4DE5E00168334 /* FirebaseDatabase in Frameworks */,
				84D7DC572CC4DE5E00168334 /* FirebaseFirestore in Frameworks */,
				84D7DC512CC4DE5E00168334 /* FirebaseAppCheck in Frameworks */,
				84D7DC592CC4DE5E00168334 /* FirebaseStorage in Frameworks */,
				84D7DC532CC4DE5E00168334 /* FirebaseAuth in Frameworks */,
			);
			runOnlyForDeploymentPostprocessing = 0;
		};
/* End PBXFrameworksBuildPhase section */

/* Begin PBXGroup section */
		842849822C98C4DA00885B16 /* EntrViewController */ = {
			isa = PBXGroup;
			children = (
				842849832C98C4EC00885B16 /* EntrViewController.swift */,
				842849852C98C4F700885B16 /* EntrViewController.storyboard */,
			);
			path = EntrViewController;
			sourceTree = "<group>";
		};
		842849882C98C5EE00885B16 /* RegViewController */ = {
			isa = PBXGroup;
			children = (
				842849892C98C5F800885B16 /* RegViewController.storyboard */,
				8428498B2C98C60100885B16 /* RegViewController.swift */,
			);
			path = RegViewController;
			sourceTree = "<group>";
		};
		844FF0682CCB95F700BCC4B9 /* MyOrderViewController */ = {
			isa = PBXGroup;
			children = (
				844FF0692CCB965000BCC4B9 /* MyOrderViewController.storyboard */,
				844FF06B2CCB966800BCC4B9 /* MyOrderViewController.swift */,
			);
			path = MyOrderViewController;
			sourceTree = "<group>";
		};
		847D52DA2C88D9F200FD7C78 = {
			isa = PBXGroup;
			children = (
				847D52E52C88D9F200FD7C78 /* ExpertAdmin */,
				847D52E42C88D9F200FD7C78 /* Products */,
				84A7F52F2CC0293A0055E27C /* Frameworks */,
			);
			sourceTree = "<group>";
		};
		847D52E42C88D9F200FD7C78 /* Products */ = {
			isa = PBXGroup;
			children = (
				847D52E32C88D9F200FD7C78 /* ExpertAdmin.app */,
			);
			name = Products;
			sourceTree = "<group>";
		};
		847D52E52C88D9F200FD7C78 /* ExpertAdmin */ = {
			isa = PBXGroup;
			children = (
				844FF0682CCB95F700BCC4B9 /* MyOrderViewController */,
				84D6663D2CBBCE80007C5013 /* ExpertsViewController */,
				84D666362CB79918007C5013 /* FilterViewController */,
				842849882C98C5EE00885B16 /* RegViewController */,
				842849822C98C4DA00885B16 /* EntrViewController */,
				84EA19BA2C901A3000EE908C /* NewExpertizViewController */,
				84EA19B02C8EDD1E00EE908C /* DetailsOrderViewController */,
				847D52E62C88D9F200FD7C78 /* AppDelegate.swift */,
				847D52E82C88D9F200FD7C78 /* SceneDelegate.swift */,
				84D7DC5A2CC4EACF00168334 /* GoogleService-Info.plist */,
				847D52EA2C88D9F200FD7C78 /* ViewController.swift */,
				847D52EC2C88D9F200FD7C78 /* Main.storyboard */,
				847D52EF2C88D9F500FD7C78 /* Assets.xcassets */,
				847D52F12C88D9F500FD7C78 /* LaunchScreen.storyboard */,
				847D52F42C88D9F500FD7C78 /* Info.plist */,
			);
			path = ExpertAdmin;
			sourceTree = "<group>";
		};
		84A7F52F2CC0293A0055E27C /* Frameworks */ = {
			isa = PBXGroup;
			children = (
			);
			name = Frameworks;
			sourceTree = "<group>";
		};
		84D666362CB79918007C5013 /* FilterViewController */ = {
			isa = PBXGroup;
			children = (
				84D666372CB79937007C5013 /* FilterViewController.swift */,
				84D6663A2CB79956007C5013 /* FilterViewController.storyboard */,
			);
			path = FilterViewController;
			sourceTree = "<group>";
		};
		84D6663D2CBBCE80007C5013 /* ExpertsViewController */ = {
			isa = PBXGroup;
			children = (
				84D6663E2CBBCE95007C5013 /* ExpertsViewController.storyboard */,
				84D666402CBBCEA6007C5013 /* ExpertsViewController.swift */,
				84D7DC702CC78C7D00168334 /* EditExpertViewController.storyboard */,
				84D7DC722CC78D2100168334 /* EditExpertViewController.swift */,
				844FF0642CCA48DC00BCC4B9 /* checkCurrentWork.swift */,
				844FF0662CCA48E800BCC4B9 /* checkCurrentWork.storyboard */,
			);
			path = ExpertsViewController;
			sourceTree = "<group>";
		};
		84EA19B02C8EDD1E00EE908C /* DetailsOrderViewController */ = {
			isa = PBXGroup;
			children = (
				84EA19B12C8EDD8600EE908C /* DetailsOrderViewController.storyboard */,
				84EA19B32C8EDD9300EE908C /* DetailsOrderViewController.swift */,
				844FF06D2CCC396D00BCC4B9 /* FullImageViewController.swift */,
				844FF06F2CCC39C500BCC4B9 /* FullImageViewController.storyboard */,
			);
			path = DetailsOrderViewController;
			sourceTree = "<group>";
		};
		84EA19BA2C901A3000EE908C /* NewExpertizViewController */ = {
			isa = PBXGroup;
			children = (
				84EA19BB2C901A6100EE908C /* NewExpertizViewController.storyboard */,
				84EA19BD2C901A6B00EE908C /* NewExpertizViewController.swift */,
			);
			path = NewExpertizViewController;
			sourceTree = "<group>";
		};
/* End PBXGroup section */

/* Begin PBXNativeTarget section */
		847D52E22C88D9F200FD7C78 /* ExpertAdmin */ = {
			isa = PBXNativeTarget;
			buildConfigurationList = 847D52F72C88D9F500FD7C78 /* Build configuration list for PBXNativeTarget "ExpertAdmin" */;
			buildPhases = (
				847D52DF2C88D9F200FD7C78 /* Sources */,
				847D52E02C88D9F200FD7C78 /* Frameworks */,
				847D52E12C88D9F200FD7C78 /* Resources */,
			);
			buildRules = (
			);
			dependencies = (
			);
			name = ExpertAdmin;
			packageProductDependencies = (
				84D7DC502CC4DE5E00168334 /* FirebaseAppCheck */,
				84D7DC522CC4DE5E00168334 /* FirebaseAuth */,
				84D7DC542CC4DE5E00168334 /* FirebaseDatabase */,
				84D7DC562CC4DE5E00168334 /* FirebaseFirestore */,
				84D7DC582CC4DE5E00168334 /* FirebaseStorage */,
			);
			productName = ExpertAdmin;
			productReference = 847D52E32C88D9F200FD7C78 /* ExpertAdmin.app */;
			productType = "com.apple.product-type.application";
		};
/* End PBXNativeTarget section */

/* Begin PBXProject section */
		847D52DB2C88D9F200FD7C78 /* Project object */ = {
			isa = PBXProject;
			attributes = {
				BuildIndependentTargetsInParallel = 1;
				LastSwiftUpdateCheck = 1400;
				LastUpgradeCheck = 1400;
				TargetAttributes = {
					847D52E22C88D9F200FD7C78 = {
						CreatedOnToolsVersion = 14.0;
					};
				};
			};
			buildConfigurationList = 847D52DE2C88D9F200FD7C78 /* Build configuration list for PBXProject "ExpertAdmin" */;
			compatibilityVersion = "Xcode 14.0";
			developmentRegion = en;
			hasScannedForEncodings = 0;
			knownRegions = (
				en,
				Base,
			);
			mainGroup = 847D52DA2C88D9F200FD7C78;
			packageReferences = (
				84D7DC4F2CC4DCF700168334 /* XCRemoteSwiftPackageReference "firebase-ios-sdk" */,
			);
			productRefGroup = 847D52E42C88D9F200FD7C78 /* Products */;
			projectDirPath = "";
			projectRoot = "";
			targets = (
				847D52E22C88D9F200FD7C78 /* ExpertAdmin */,
			);
		};
/* End PBXProject section */

/* Begin PBXResourcesBuildPhase section */
		847D52E12C88D9F200FD7C78 /* Resources */ = {
			isa = PBXResourcesBuildPhase;
			buildActionMask = 2147483647;
			files = (
				847D52F32C88D9F500FD7C78 /* LaunchScreen.storyboard in Resources */,
				84EA19BC2C901A6100EE908C /* NewExpertizViewController.storyboard in Resources */,
				8428498A2C98C5F800885B16 /* RegViewController.storyboard in Resources */,
				842849862C98C4F700885B16 /* EntrViewController.storyboard in Resources */,
				84D7DC712CC78C7D00168334 /* EditExpertViewController.storyboard in Resources */,
				847D52F02C88D9F500FD7C78 /* Assets.xcassets in Resources */,
				84D6663F2CBBCE95007C5013 /* ExpertsViewController.storyboard in Resources */,
				84EA19B22C8EDD8600EE908C /* DetailsOrderViewController.storyboard in Resources */,
				84D6663B2CB79956007C5013 /* FilterViewController.storyboard in Resources */,
				844FF06A2CCB965000BCC4B9 /* MyOrderViewController.storyboard in Resources */,
				844FF0702CCC39C500BCC4B9 /* FullImageViewController.storyboard in Resources */,
				847D52EE2C88D9F200FD7C78 /* Main.storyboard in Resources */,
				844FF0672CCA48E800BCC4B9 /* checkCurrentWork.storyboard in Resources */,
				84D7DC5B2CC4EAD000168334 /* GoogleService-Info.plist in Resources */,
			);
			runOnlyForDeploymentPostprocessing = 0;
		};
/* End PBXResourcesBuildPhase section */

/* Begin PBXSourcesBuildPhase section */
		847D52DF2C88D9F200FD7C78 /* Sources */ = {
			isa = PBXSourcesBuildPhase;
			buildActionMask = 2147483647;
			files = (
				84EA19BE2C901A6B00EE908C /* NewExpertizViewController.swift in Sources */,
				847D52EB2C88D9F200FD7C78 /* ViewController.swift in Sources */,
				847D52E72C88D9F200FD7C78 /* AppDelegate.swift in Sources */,
				84D666412CBBCEA6007C5013 /* ExpertsViewController.swift in Sources */,
				84D7DC732CC78D2100168334 /* EditExpertViewController.swift in Sources */,
				847D52E92C88D9F200FD7C78 /* SceneDelegate.swift in Sources */,
				84D666382CB79937007C5013 /* FilterViewController.swift in Sources */,
				844FF06C2CCB966800BCC4B9 /* MyOrderViewController.swift in Sources */,
				844FF06E2CCC396D00BCC4B9 /* FullImageViewController.swift in Sources */,
				8428498C2C98C60100885B16 /* RegViewController.swift in Sources */,
				842849842C98C4EC00885B16 /* EntrViewController.swift in Sources */,
				844FF0652CCA48DC00BCC4B9 /* checkCurrentWork.swift in Sources */,
				84EA19B42C8EDD9300EE908C /* DetailsOrderViewController.swift in Sources */,
			);
			runOnlyForDeploymentPostprocessing = 0;
		};
/* End PBXSourcesBuildPhase section */

/* Begin PBXVariantGroup section */
		847D52EC2C88D9F200FD7C78 /* Main.storyboard */ = {
			isa = PBXVariantGroup;
			children = (
				847D52ED2C88D9F200FD7C78 /* Base */,
			);
			name = Main.storyboard;
			sourceTree = "<group>";
		};
		847D52F12C88D9F500FD7C78 /* LaunchScreen.storyboard */ = {
			isa = PBXVariantGroup;
			children = (
				847D52F22C88D9F500FD7C78 /* Base */,
			);
			name = LaunchScreen.storyboard;
			sourceTree = "<group>";
		};
/* End PBXVariantGroup section */

/* Begin XCBuildConfiguration section */
		847D52F52C88D9F500FD7C78 /* Debug */ = {
			isa = XCBuildConfiguration;
			buildSettings = {
				ALWAYS_SEARCH_USER_PATHS = NO;
				CLANG_ANALYZER_NONNULL = YES;
				CLANG_ANALYZER_NUMBER_OBJECT_CONVERSION = YES_AGGRESSIVE;
				CLANG_CXX_LANGUAGE_STANDARD = "gnu++20";
				CLANG_ENABLE_MODULES = YES;
				CLANG_ENABLE_OBJC_ARC = YES;
				CLANG_ENABLE_OBJC_WEAK = YES;
				CLANG_WARN_BLOCK_CAPTURE_AUTORELEASING = YES;
				CLANG_WARN_BOOL_CONVERSION = YES;
				CLANG_WARN_COMMA = YES;
				CLANG_WARN_CONSTANT_CONVERSION = YES;
				CLANG_WARN_DEPRECATED_OBJC_IMPLEMENTATIONS = YES;
				CLANG_WARN_DIRECT_OBJC_ISA_USAGE = YES_ERROR;
				CLANG_WARN_DOCUMENTATION_COMMENTS = YES;
				CLANG_WARN_EMPTY_BODY = YES;
				CLANG_WARN_ENUM_CONVERSION = YES;
				CLANG_WARN_INFINITE_RECURSION = YES;
				CLANG_WARN_INT_CONVERSION = YES;
				CLANG_WARN_NON_LITERAL_NULL_CONVERSION = YES;
				CLANG_WARN_OBJC_IMPLICIT_RETAIN_SELF = YES;
				CLANG_WARN_OBJC_LITERAL_CONVERSION = YES;
				CLANG_WARN_OBJC_ROOT_CLASS = YES_ERROR;
				CLANG_WARN_QUOTED_INCLUDE_IN_FRAMEWORK_HEADER = YES;
				CLANG_WARN_RANGE_LOOP_ANALYSIS = YES;
				CLANG_WARN_STRICT_PROTOTYPES = YES;
				CLANG_WARN_SUSPICIOUS_MOVE = YES;
				CLANG_WARN_UNGUARDED_AVAILABILITY = YES_AGGRESSIVE;
				CLANG_WARN_UNREACHABLE_CODE = YES;
				CLANG_WARN__DUPLICATE_METHOD_MATCH = YES;
				COPY_PHASE_STRIP = NO;
				DEBUG_INFORMATION_FORMAT = dwarf;
				ENABLE_STRICT_OBJC_MSGSEND = YES;
				ENABLE_TESTABILITY = YES;
				GCC_C_LANGUAGE_STANDARD = gnu11;
				GCC_DYNAMIC_NO_PIC = NO;
				GCC_NO_COMMON_BLOCKS = YES;
				GCC_OPTIMIZATION_LEVEL = 0;
				GCC_PREPROCESSOR_DEFINITIONS = (
					"DEBUG=1",
					"$(inherited)",
				);
				GCC_WARN_64_TO_32_BIT_CONVERSION = YES;
				GCC_WARN_ABOUT_RETURN_TYPE = YES_ERROR;
				GCC_WARN_UNDECLARED_SELECTOR = YES;
				GCC_WARN_UNINITIALIZED_AUTOS = YES_AGGRESSIVE;
				GCC_WARN_UNUSED_FUNCTION = YES;
				GCC_WARN_UNUSED_VARIABLE = YES;
				IPHONEOS_DEPLOYMENT_TARGET = 16.0;
				MTL_ENABLE_DEBUG_INFO = INCLUDE_SOURCE;
				MTL_FAST_MATH = YES;
				ONLY_ACTIVE_ARCH = YES;
				SDKROOT = iphoneos;
				SWIFT_ACTIVE_COMPILATION_CONDITIONS = DEBUG;
				SWIFT_OPTIMIZATION_LEVEL = "-Onone";
			};
			name = Debug;
		};
		847D52F62C88D9F500FD7C78 /* Release */ = {
			isa = XCBuildConfiguration;
			buildSettings = {
				ALWAYS_SEARCH_USER_PATHS = NO;
				CLANG_ANALYZER_NONNULL = YES;
				CLANG_ANALYZER_NUMBER_OBJECT_CONVERSION = YES_AGGRESSIVE;
				CLANG_CXX_LANGUAGE_STANDARD = "gnu++20";
				CLANG_ENABLE_MODULES = YES;
				CLANG_ENABLE_OBJC_ARC = YES;
				CLANG_ENABLE_OBJC_WEAK = YES;
				CLANG_WARN_BLOCK_CAPTURE_AUTORELEASING = YES;
				CLANG_WARN_BOOL_CONVERSION = YES;
				CLANG_WARN_COMMA = YES;
				CLANG_WARN_CONSTANT_CONVERSION = YES;
				CLANG_WARN_DEPRECATED_OBJC_IMPLEMENTATIONS = YES;
				CLANG_WARN_DIRECT_OBJC_ISA_USAGE = YES_ERROR;
				CLANG_WARN_DOCUMENTATION_COMMENTS = YES;
				CLANG_WARN_EMPTY_BODY = YES;
				CLANG_WARN_ENUM_CONVERSION = YES;
				CLANG_WARN_INFINITE_RECURSION = YES;
				CLANG_WARN_INT_CONVERSION = YES;
				CLANG_WARN_NON_LITERAL_NULL_CONVERSION = YES;
				CLANG_WARN_OBJC_IMPLICIT_RETAIN_SELF = YES;
				CLANG_WARN_OBJC_LITERAL_CONVERSION = YES;
				CLANG_WARN_OBJC_ROOT_CLASS = YES_ERROR;
				CLANG_WARN_QUOTED_INCLUDE_IN_FRAMEWORK_HEADER = YES;
				CLANG_WARN_RANGE_LOOP_ANALYSIS = YES;
				CLANG_WARN_STRICT_PROTOTYPES = YES;
				CLANG_WARN_SUSPICIOUS_MOVE = YES;
				CLANG_WARN_UNGUARDED_AVAILABILITY = YES_AGGRESSIVE;
				CLANG_WARN_UNREACHABLE_CODE = YES;
				CLANG_WARN__DUPLICATE_METHOD_MATCH = YES;
				COPY_PHASE_STRIP = NO;
				DEBUG_INFORMATION_FORMAT = "dwarf-with-dsym";
				ENABLE_NS_ASSERTIONS = NO;
				ENABLE_STRICT_OBJC_MSGSEND = YES;
				GCC_C_LANGUAGE_STANDARD = gnu11;
				GCC_NO_COMMON_BLOCKS = YES;
				GCC_WARN_64_TO_32_BIT_CONVERSION = YES;
				GCC_WARN_ABOUT_RETURN_TYPE = YES_ERROR;
				GCC_WARN_UNDECLARED_SELECTOR = YES;
				GCC_WARN_UNINITIALIZED_AUTOS = YES_AGGRESSIVE;
				GCC_WARN_UNUSED_FUNCTION = YES;
				GCC_WARN_UNUSED_VARIABLE = YES;
				IPHONEOS_DEPLOYMENT_TARGET = 16.0;
				MTL_ENABLE_DEBUG_INFO = NO;
				MTL_FAST_MATH = YES;
				SDKROOT = iphoneos;
				SWIFT_COMPILATION_MODE = wholemodule;
				SWIFT_OPTIMIZATION_LEVEL = "-O";
				VALIDATE_PRODUCT = YES;
			};
			name = Release;
		};
		847D52F82C88D9F500FD7C78 /* Debug */ = {
			isa = XCBuildConfiguration;
			buildSettings = {
				ASSETCATALOG_COMPILER_APPICON_NAME = AppIcon;
				ASSETCATALOG_COMPILER_GLOBAL_ACCENT_COLOR_NAME = AccentColor;
				CODE_SIGN_STYLE = Automatic;
				CURRENT_PROJECT_VERSION = 1;
				DEVELOPMENT_TEAM = B6XPJ2N83U;
				GENERATE_INFOPLIST_FILE = YES;
				INFOPLIST_FILE = ExpertAdmin/Info.plist;
				INFOPLIST_KEY_UIApplicationSupportsIndirectInputEvents = YES;
				INFOPLIST_KEY_UILaunchStoryboardName = LaunchScreen;
				INFOPLIST_KEY_UIMainStoryboardFile = Main;
				INFOPLIST_KEY_UISupportedInterfaceOrientations_iPad = "UIInterfaceOrientationPortrait UIInterfaceOrientationPortraitUpsideDown UIInterfaceOrientationLandscapeLeft UIInterfaceOrientationLandscapeRight";
				INFOPLIST_KEY_UISupportedInterfaceOrientations_iPhone = "UIInterfaceOrientationPortrait UIInterfaceOrientationLandscapeLeft UIInterfaceOrientationLandscapeRight";
				LD_RUNPATH_SEARCH_PATHS = (
					"$(inherited)",
					"@executable_path/Frameworks",
				);
				MARKETING_VERSION = 1.0;
				PRODUCT_BUNDLE_IDENTIFIER = starkon.ExpertAdmin;
				PRODUCT_NAME = "$(TARGET_NAME)";
				SWIFT_EMIT_LOC_STRINGS = YES;
				SWIFT_VERSION = 5.0;
				TARGETED_DEVICE_FAMILY = "1,2";
			};
			name = Debug;
		};
		847D52F92C88D9F500FD7C78 /* Release */ = {
			isa = XCBuildConfiguration;
			buildSettings = {
				ASSETCATALOG_COMPILER_APPICON_NAME = AppIcon;
				ASSETCATALOG_COMPILER_GLOBAL_ACCENT_COLOR_NAME = AccentColor;
				CODE_SIGN_STYLE = Automatic;
				CURRENT_PROJECT_VERSION = 1;
				DEVELOPMENT_TEAM = B6XPJ2N83U;
				GENERATE_INFOPLIST_FILE = YES;
				INFOPLIST_FILE = ExpertAdmin/Info.plist;
				INFOPLIST_KEY_UIApplicationSupportsIndirectInputEvents = YES;
				INFOPLIST_KEY_UILaunchStoryboardName = LaunchScreen;
				INFOPLIST_KEY_UIMainStoryboardFile = Main;
				INFOPLIST_KEY_UISupportedInterfaceOrientations_iPad = "UIInterfaceOrientationPortrait UIInterfaceOrientationPortraitUpsideDown UIInterfaceOrientationLandscapeLeft UIInterfaceOrientationLandscapeRight";
				INFOPLIST_KEY_UISupportedInterfaceOrientations_iPhone = "UIInterfaceOrientationPortrait UIInterfaceOrientationLandscapeLeft UIInterfaceOrientationLandscapeRight";
				LD_RUNPATH_SEARCH_PATHS = (
					"$(inherited)",
					"@executable_path/Frameworks",
				);
				MARKETING_VERSION = 1.0;
				PRODUCT_BUNDLE_IDENTIFIER = starkon.ExpertAdmin;
				PRODUCT_NAME = "$(TARGET_NAME)";
				SWIFT_EMIT_LOC_STRINGS = YES;
				SWIFT_VERSION = 5.0;
				TARGETED_DEVICE_FAMILY = "1,2";
			};
			name = Release;
		};
/* End XCBuildConfiguration section */

/* Begin XCConfigurationList section */
		847D52DE2C88D9F200FD7C78 /* Build configuration list for PBXProject "ExpertAdmin" */ = {
			isa = XCConfigurationList;
			buildConfigurations = (
				847D52F52C88D9F500FD7C78 /* Debug */,
				847D52F62C88D9F500FD7C78 /* Release */,
			);
			defaultConfigurationIsVisible = 0;
			defaultConfigurationName = Release;
		};
		847D52F72C88D9F500FD7C78 /* Build configuration list for PBXNativeTarget "ExpertAdmin" */ = {
			isa = XCConfigurationList;
			buildConfigurations = (
				847D52F82C88D9F500FD7C78 /* Debug */,
				847D52F92C88D9F500FD7C78 /* Release */,
			);
			defaultConfigurationIsVisible = 0;
			defaultConfigurationName = Release;
		};
/* End XCConfigurationList section */

/* Begin XCRemoteSwiftPackageReference section */
		84D7DC4F2CC4DCF700168334 /* XCRemoteSwiftPackageReference "firebase-ios-sdk" */ = {
			isa = XCRemoteSwiftPackageReference;
			repositoryURL = "https://github.com/firebase/firebase-ios-sdk";
			requirement = {
				kind = upToNextMajorVersion;
				minimumVersion = 9.0.0;
			};
		};
/* End XCRemoteSwiftPackageReference section */

/* Begin XCSwiftPackageProductDependency section */
		84D7DC502CC4DE5E00168334 /* FirebaseAppCheck */ = {
			isa = XCSwiftPackageProductDependency;
			package = 84D7DC4F2CC4DCF700168334 /* XCRemoteSwiftPackageReference "firebase-ios-sdk" */;
			productName = FirebaseAppCheck;
		};
		84D7DC522CC4DE5E00168334 /* FirebaseAuth */ = {
			isa = XCSwiftPackageProductDependency;
			package = 84D7DC4F2CC4DCF700168334 /* XCRemoteSwiftPackageReference "firebase-ios-sdk" */;
			productName = FirebaseAuth;
		};
		84D7DC542CC4DE5E00168334 /* FirebaseDatabase */ = {
			isa = XCSwiftPackageProductDependency;
			package = 84D7DC4F2CC4DCF700168334 /* XCRemoteSwiftPackageReference "firebase-ios-sdk" */;
			productName = FirebaseDatabase;
		};
		84D7DC562CC4DE5E00168334 /* FirebaseFirestore */ = {
			isa = XCSwiftPackageProductDependency;
			package = 84D7DC4F2CC4DCF700168334 /* XCRemoteSwiftPackageReference "firebase-ios-sdk" */;
			productName = FirebaseFirestore;
		};
		84D7DC582CC4DE5E00168334 /* FirebaseStorage */ = {
			isa = XCSwiftPackageProductDependency;
			package = 84D7DC4F2CC4DCF700168334 /* XCRemoteSwiftPackageReference "firebase-ios-sdk" */;
			productName = FirebaseStorage;
		};
/* End XCSwiftPackageProductDependency section */
	};
	rootObject = 847D52DB2C88D9F200FD7C78 /* Project object */;
}
